PODS:
  - AMap2DMap-NO-IDFA (5.6.0):
    - AMapFoundation-NO-IDFA (~> 1.4)
  - AMapFoundation-NO-IDFA (1.4.3)
  - AMapLocation-NO-IDFA (2.6.0):
    - AMapFoundation-NO-IDFA (~> 1.4)
  - AMapSearch-NO-IDFA (5.7.0):
    - AMapFoundation-NO-IDFA (~> 1.4)
  - MJRefresh (3.1.15.1)
  - ZIKIMMapKit (0.1.2):
    - AMap2DMap-NO-IDFA
    - AMapLocation-NO-IDFA
    - AMapSearch-NO-IDFA
    - MJRefresh

DEPENDENCIES:
  - ZIKIMMapKit (from `../`)

EXTERNAL SOURCES:
  ZIKIMMapKit:
    :path: "../"

SPEC CHECKSUMS:
  AMap2DMap-NO-IDFA: 277965383679f1a4676df7e1a0439a1e14d0599a
  AMapFoundation-NO-IDFA: b6cbefab250ae8ab2e31aa9bb3dbbb98137cd76f
  AMapLocation-NO-IDFA: a75b762ae9a90840ce683de12504ac843a9f3b6c
  AMapSearch-NO-IDFA: 612a92f75ff20544f42d376dfcf3c034da4ad0b6
  MJRefresh: 5f8552bc25ca8751c010f621c1098dbdaacbccd6
  ZIKIMMapKit: e580aca49a12b3f16615d6f6963bc6e58dfba8d9

PODFILE CHECKSUM: de8599a3d9bb483d44a5a38df133f760a4d46e7a

COCOAPODS: 1.1.1
